
Microsoft Visual Studio Solution File, Format Version 12.00
# Visual Studio Version 17
VisualStudioVersion = 17.13.35825.156
MinimumVisualStudioVersion = 10.0.40219.1
Project("{FAE04EC0-301F-11D3-BF4B-00C04F79EFBC}") = "Bot", "Bot.csproj", "{02314012-F687-4E2D-B855-34C84DD96ADE}"
EndProject
Project("{FAE04EC0-301F-11D3-BF4B-00C04F79EFBC}") = "Otus.ToDoList.ConsoleBot", "Otus.ToDoList.ConsoleBot\Otus.ToDoList.ConsoleBot.csproj", "{9DF96A2E-62CF-114B-017D-7CD1FE7D7223}"
EndProject
Global
	GlobalSection(SolutionConfigurationPlatforms) = preSolution
		Debug|Any CPU = Debug|Any CPU
		Release|Any CPU = Release|Any CPU
	EndGlobalSection
	GlobalSection(ProjectConfigurationPlatforms) = postSolution
		{02314012-F687-4E2D-B855-34C84DD96ADE}.Debug|Any CPU.ActiveCfg = Debug|Any CPU
		{02314012-F687-4E2D-B855-34C84DD96ADE}.Debug|Any CPU.Build.0 = Debug|Any CPU
		{02314012-F687-4E2D-B855-34C84DD96ADE}.Release|Any CPU.ActiveCfg = Release|Any CPU
		{02314012-F687-4E2D-B855-34C84DD96ADE}.Release|Any CPU.Build.0 = Release|Any CPU
		{9DF96A2E-62CF-114B-017D-7CD1FE7D7223}.Debug|Any CPU.ActiveCfg = Debug|Any CPU
		{9DF96A2E-62CF-114B-017D-7CD1FE7D7223}.Debug|Any CPU.Build.0 = Debug|Any CPU
		{9DF96A2E-62CF-114B-017D-7CD1FE7D7223}.Release|Any CPU.ActiveCfg = Release|Any CPU
		{9DF96A2E-62CF-114B-017D-7CD1FE7D7223}.Release|Any CPU.Build.0 = Release|Any CPU
	EndGlobalSection
	GlobalSection(SolutionProperties) = preSolution
		HideSolutionNode = FALSE
	EndGlobalSection
	GlobalSection(ExtensibilityGlobals) = postSolution
		SolutionGuid = {ECF5833E-B4DA-4BE8-B087-19E147A23B52}
	EndGlobalSection
EndGlobal
